{
  "name": "gregfrasco.com",
  "version": "0.0.1",
  "lockfileVersion": 1,
  "requires": true,
  "dependencies": {
    "bulma": {
      "version": "0.6.1",
      "resolved": "https://registry.npmjs.org/bulma/-/bulma-0.6.1.tgz",
      "integrity": "sha1-XyGnfAwG99gAUcBmKMI1Fggb1kk="
    },
    "d3-ease": {
      "version": "0.6.0",
      "resolved": "https://registry.npmjs.org/d3-ease/-/d3-ease-0.6.0.tgz",
      "integrity": "sha1-iAfcN71FItShKcK5MG28toVOJ+c="
    },
    "font-awesome": {
      "version": "4.7.0",
      "resolved": "https://registry.npmjs.org/font-awesome/-/font-awesome-4.7.0.tgz",
      "integrity": "sha1-j6jPBBGhoxr9B7BtKQK7n8gVoTM="
    },
    "fullpage.js": {
      "version": "2.9.5",
      "resolved": "https://registry.npmjs.org/fullpage.js/-/fullpage.js-2.9.5.tgz",
      "integrity": "sha1-Qg4Um4clPsaBAxnRQhl16oi13AA=",
      "requires": {
        "jquery": "3.2.1"
      }
    },
    "hover.css": {
      "version": "2.2.1",
      "resolved": "https://registry.npmjs.org/hover.css/-/hover.css-2.2.1.tgz",
      "integrity": "sha1-EdgVJfeo+jO1ZPwyLAe0VLa8UaA="
    },
    "jquery": {
      "version": "3.2.1",
      "resolved": "https://registry.npmjs.org/jquery/-/jquery-3.2.1.tgz",
      "integrity": "sha1-XE2d5lKvbNCncBVKYxu6ErAVx4c="
    },
    "segment-js": {
      "version": "1.0.8",
      "resolved": "https://registry.npmjs.org/segment-js/-/segment-js-1.0.8.tgz",
      "integrity": "sha1-g0ZYo66glG9CH2RHnWcN7k/sDYs="
    }
  }
}
